<?xml version="1.0" encoding="utf-8"?>
<Project ToolsVersion="4.0" xmlns="http://schemas.microsoft.com/developer/msbuild/2003">
  <ItemGroup>
    <Filter Include="Source Files">
      <UniqueIdentifier>{5dca0481-d7ec-4465-bd7e-6e2ad72d4835}</UniqueIdentifier>
    </Filter>
    <Filter Include="Resource Files">
      <UniqueIdentifier>{03baabd9-dfb5-4f9d-9ac2-cffdb9e60f47}</UniqueIdentifier>
    </Filter>
  </ItemGroup>
  <ItemGroup>
    <Text Include="src\pam-rdp-config.ahk">
      <Filter>Source Files</Filter>
    </Text>
  </ItemGroup>
  <ItemGroup>
    <Image Include="resource\pam-rdp-config.ico">
      <Filter>Resource Files</Filter>
    </Image>
  </ItemGroup>
</Project>